
Microsoft Visual Studio Solution File, Format Version 12.00
# Visual Studio 14
VisualStudioVersion = 14.0.25420.1
MinimumVisualStudioVersion = 10.0.40219.1
Project("{FAE04EC0-301F-11D3-BF4B-00C04F79EFBC}") = "Szyfr_DES", "Szyfr_DES\Szyfr_DES.csproj", "{EBC5B41F-0410-4BE7-AEC8-EC65A7FFB5EE}"
EndProject
Global
	GlobalSection(SolutionConfigurationPlatforms) = preSolution
		Debug|Any CPU = Debug|Any CPU
		Release|Any CPU = Release|Any CPU
	EndGlobalSection
	GlobalSection(ProjectConfigurationPlatforms) = postSolution
		{EBC5B41F-0410-4BE7-AEC8-EC65A7FFB5EE}.Debug|Any CPU.ActiveCfg = Debug|Any CPU
		{EBC5B41F-0410-4BE7-AEC8-EC65A7FFB5EE}.Debug|Any CPU.Build.0 = Debug|Any CPU
		{EBC5B41F-0410-4BE7-AEC8-EC65A7FFB5EE}.Release|Any CPU.ActiveCfg = Release|Any CPU
		{EBC5B41F-0410-4BE7-AEC8-EC65A7FFB5EE}.Release|Any CPU.Build.0 = Release|Any CPU
	EndGlobalSection
	GlobalSection(SolutionProperties) = preSolution
		HideSolutionNode = FALSE
	EndGlobalSection
EndGlobal
